
Microsoft Visual Studio Solution File, Format Version 12.00
Project("{FAE04EC0-301F-11D3-BF4B-00C04F79EFBC}") = "PasswordStorage", "PasswordStorage\PasswordStorage.csproj", "{7926458D-28D1-4642-BDD1-66EE19DC2534}"
EndProject
Project("{FAE04EC0-301F-11D3-BF4B-00C04F79EFBC}") = "WebApplication1", "WebApplication1\WebApplication1.csproj", "{9B3532A8-4B33-44F1-B6FB-863B1AE18A5B}"
EndProject
Global
	GlobalSection(SolutionConfigurationPlatforms) = preSolution
		Debug|Any CPU = Debug|Any CPU
		Release|Any CPU = Release|Any CPU
	EndGlobalSection
	GlobalSection(ProjectConfigurationPlatforms) = postSolution
		{7926458D-28D1-4642-BDD1-66EE19DC2534}.Debug|Any CPU.ActiveCfg = Debug|Any CPU
		{7926458D-28D1-4642-BDD1-66EE19DC2534}.Debug|Any CPU.Build.0 = Debug|Any CPU
		{7926458D-28D1-4642-BDD1-66EE19DC2534}.Release|Any CPU.ActiveCfg = Release|Any CPU
		{7926458D-28D1-4642-BDD1-66EE19DC2534}.Release|Any CPU.Build.0 = Release|Any CPU
		{9B3532A8-4B33-44F1-B6FB-863B1AE18A5B}.Debug|Any CPU.ActiveCfg = Debug|Any CPU
		{9B3532A8-4B33-44F1-B6FB-863B1AE18A5B}.Debug|Any CPU.Build.0 = Debug|Any CPU
		{9B3532A8-4B33-44F1-B6FB-863B1AE18A5B}.Release|Any CPU.ActiveCfg = Release|Any CPU
		{9B3532A8-4B33-44F1-B6FB-863B1AE18A5B}.Release|Any CPU.Build.0 = Release|Any CPU
	EndGlobalSection
EndGlobal
